# Selected projects block section prompt profile ΓÇö W3 (optional node)
# Plan: apps-rg-zip-based-full-spine-runtime-restoration-a3f7e2
# GOVERNANCE: Declarative data only. No prompt compiler logic here.
prompt_id: "sp::apps_rg::selected_projects_block::v1"
node_id: selected_projects_block
app_id: apps_rg
task_class: resume_generation
version: "1.0.0"
status: active
optional: true

slot_requirements:
  required: [S0, I0, C0, U0, D0, R0]
  optional: []

template_ref: "apps_rg/prompt_assembly/templates/strategic_tailor_v1.yaml"
template_inline_note: >
  Selected projects block rendered only when candidate_profile.projects non-empty.
  Projects selected for relevance to target_role_spec from candidate_profile.projects.

input_refs:
  - "candidate_profile.projects[*].name"
  - "candidate_profile.projects[*].description"
  - "candidate_profile.projects[*].outcomes"
  - "candidate_profile.projects[*].evidence_ids"
  - "target_role_spec.jd_requirements"

output_schema_ref: "aos::apps_rg::resume_generation::v1#selected_projects_block"

required_evidence_refs:
  - "candidate_profile.projects[*].evidence_ids (each project outcome MUST have evidence_id)"

prompt_boundary_rules:
  - "project name MUST equal candidate_profile.projects[].name exactly"
  - "outcomes MUST be supported by a project evidence_id"
  - "no fabricated project descriptions or outcomes"
  - "project selection ranking by relevance to target_role_spec is allowed but not fabrication"

examples_ref: null
